
Microsoft Visual Studio Solution File, Format Version 9.00
# Visual Studio 2005
Project("{FAE04EC0-301F-11D3-BF4B-00C04F79EFBC}") = "TextComparer", "TextComparer\TextComparer.csproj", "{37818ED2-6A3C-4554-876D-2402D2D6599B}"
EndProject
Global
	GlobalSection(SolutionConfigurationPlatforms) = preSolution
		Debug|Any CPU = Debug|Any CPU
		Release|Any CPU = Release|Any CPU
	EndGlobalSection
	GlobalSection(ProjectConfigurationPlatforms) = postSolution
		{37818ED2-6A3C-4554-876D-2402D2D6599B}.Debug|Any CPU.ActiveCfg = Debug|Any CPU
		{37818ED2-6A3C-4554-876D-2402D2D6599B}.Debug|Any CPU.Build.0 = Debug|Any CPU
		{37818ED2-6A3C-4554-876D-2402D2D6599B}.Release|Any CPU.ActiveCfg = Release|Any CPU
		{37818ED2-6A3C-4554-876D-2402D2D6599B}.Release|Any CPU.Build.0 = Release|Any CPU
	EndGlobalSection
	GlobalSection(SolutionProperties) = preSolution
		HideSolutionNode = FALSE
	EndGlobalSection
EndGlobal
